
Microsoft Visual Studio Solution File, Format Version 12.00
# Visual Studio Version 17
VisualStudioVersion = 17.0.31912.275
MinimumVisualStudioVersion = 10.0.40219.1
Project("{9A19103F-16F7-4668-BE54-9A1E7A4F7556}") = "Sea Shark", "Sea Shark\Sea Shark.csproj", "{D70661CF-8523-4790-A04F-623A21EB0DD4}"
EndProject
Project("{FAE04EC0-301F-11D3-BF4B-00C04F79EFBC}") = "Sea Shark Test", "Sea Shark Test\Sea Shark Test.csproj", "{C4348E49-0ACA-47D6-B00B-E27AD5D261E8}"
EndProject
Global
	GlobalSection(SolutionConfigurationPlatforms) = preSolution
		Debug|Any CPU = Debug|Any CPU
		Release|Any CPU = Release|Any CPU
	EndGlobalSection
	GlobalSection(ProjectConfigurationPlatforms) = postSolution
		{D70661CF-8523-4790-A04F-623A21EB0DD4}.Debug|Any CPU.ActiveCfg = Debug|Any CPU
		{D70661CF-8523-4790-A04F-623A21EB0DD4}.Debug|Any CPU.Build.0 = Debug|Any CPU
		{D70661CF-8523-4790-A04F-623A21EB0DD4}.Release|Any CPU.ActiveCfg = Release|Any CPU
		{D70661CF-8523-4790-A04F-623A21EB0DD4}.Release|Any CPU.Build.0 = Release|Any CPU
		{C4348E49-0ACA-47D6-B00B-E27AD5D261E8}.Debug|Any CPU.ActiveCfg = Debug|Any CPU
		{C4348E49-0ACA-47D6-B00B-E27AD5D261E8}.Debug|Any CPU.Build.0 = Debug|Any CPU
		{C4348E49-0ACA-47D6-B00B-E27AD5D261E8}.Release|Any CPU.ActiveCfg = Release|Any CPU
		{C4348E49-0ACA-47D6-B00B-E27AD5D261E8}.Release|Any CPU.Build.0 = Release|Any CPU
	EndGlobalSection
	GlobalSection(SolutionProperties) = preSolution
		HideSolutionNode = FALSE
	EndGlobalSection
	GlobalSection(ExtensibilityGlobals) = postSolution
		SolutionGuid = {88450E89-23FA-4394-A7E2-3BAC0A4D8DDC}
	EndGlobalSection
EndGlobal
